
Microsoft Visual Studio Solution File, Format Version 12.00
# Visual Studio Version 18
VisualStudioVersion = 18.3.11520.95 d18.3
MinimumVisualStudioVersion = 10.0.40219.1
Project("{FAE04EC0-301F-11D3-BF4B-00C04F79EFBC}") = "Geofences", "Geofences\Geofences.csproj", "{74ADD851-DC0A-4A6F-B113-FEFCE949B971}"
EndProject
Project("{FAE04EC0-301F-11D3-BF4B-00C04F79EFBC}") = "GeoFenceUtils", "GeoFenceUtils\GeoFenceUtils.csproj", "{C40197AB-94E5-4052-ABA7-DBBCA8079D73}"
EndProject
Global
	GlobalSection(SolutionConfigurationPlatforms) = preSolution
		Debug|Any CPU = Debug|Any CPU
		Release|Any CPU = Release|Any CPU
	EndGlobalSection
	GlobalSection(ProjectConfigurationPlatforms) = postSolution
		{74ADD851-DC0A-4A6F-B113-FEFCE949B971}.Debug|Any CPU.ActiveCfg = Debug|Any CPU
		{74ADD851-DC0A-4A6F-B113-FEFCE949B971}.Debug|Any CPU.Build.0 = Debug|Any CPU
		{74ADD851-DC0A-4A6F-B113-FEFCE949B971}.Release|Any CPU.ActiveCfg = Release|Any CPU
		{74ADD851-DC0A-4A6F-B113-FEFCE949B971}.Release|Any CPU.Build.0 = Release|Any CPU
		{C40197AB-94E5-4052-ABA7-DBBCA8079D73}.Debug|Any CPU.ActiveCfg = Debug|Any CPU
		{C40197AB-94E5-4052-ABA7-DBBCA8079D73}.Debug|Any CPU.Build.0 = Debug|Any CPU
		{C40197AB-94E5-4052-ABA7-DBBCA8079D73}.Release|Any CPU.ActiveCfg = Release|Any CPU
		{C40197AB-94E5-4052-ABA7-DBBCA8079D73}.Release|Any CPU.Build.0 = Release|Any CPU
	EndGlobalSection
	GlobalSection(SolutionProperties) = preSolution
		HideSolutionNode = FALSE
	EndGlobalSection
	GlobalSection(ExtensibilityGlobals) = postSolution
		SolutionGuid = {D0E0AC9B-4DA5-4512-8630-9BBB276645A2}
	EndGlobalSection
EndGlobal
